
Microsoft Visual Studio Solution File, Format Version 12.00
# Visual Studio Version 16
VisualStudioVersion = 16.0.31515.178
MinimumVisualStudioVersion = 10.0.40219.1
Project("{FAE04EC0-301F-11D3-BF4B-00C04F79EFBC}") = "ConsoleApp", "ConsoleApp\ConsoleApp.csproj", "{CBCDDA03-A988-4957-8131-4520F4ABCE01}"
EndProject
Global
	GlobalSection(SolutionConfigurationPlatforms) = preSolution
		Debug|Any CPU = Debug|Any CPU
		Release|Any CPU = Release|Any CPU
	EndGlobalSection
	GlobalSection(ProjectConfigurationPlatforms) = postSolution
		{CBCDDA03-A988-4957-8131-4520F4ABCE01}.Debug|Any CPU.ActiveCfg = Debug|Any CPU
		{CBCDDA03-A988-4957-8131-4520F4ABCE01}.Debug|Any CPU.Build.0 = Debug|Any CPU
		{CBCDDA03-A988-4957-8131-4520F4ABCE01}.Release|Any CPU.ActiveCfg = Release|Any CPU
		{CBCDDA03-A988-4957-8131-4520F4ABCE01}.Release|Any CPU.Build.0 = Release|Any CPU
	EndGlobalSection
	GlobalSection(SolutionProperties) = preSolution
		HideSolutionNode = FALSE
	EndGlobalSection
	GlobalSection(ExtensibilityGlobals) = postSolution
		SolutionGuid = {8111563F-9C4C-47D0-9B00-4C9A746E0495}
	EndGlobalSection
EndGlobal
